
Microsoft Visual Studio Solution File, Format Version 12.00
# Visual Studio Version 17
VisualStudioVersion = 17.8.34525.116
MinimumVisualStudioVersion = 10.0.40219.1
Project("{FAE04EC0-301F-11D3-BF4B-00C04F79EFBC}") = "Adopt-An-Insect", "Adopt-An-Insect\Adopt-An-Insect.csproj", "{8D5E7DEB-AD1E-45B3-BE88-296BE954A6EC}"
EndProject
Global
	GlobalSection(SolutionConfigurationPlatforms) = preSolution
		Debug|Any CPU = Debug|Any CPU
		Release|Any CPU = Release|Any CPU
	EndGlobalSection
	GlobalSection(ProjectConfigurationPlatforms) = postSolution
		{8D5E7DEB-AD1E-45B3-BE88-296BE954A6EC}.Debug|Any CPU.ActiveCfg = Debug|Any CPU
		{8D5E7DEB-AD1E-45B3-BE88-296BE954A6EC}.Debug|Any CPU.Build.0 = Debug|Any CPU
		{8D5E7DEB-AD1E-45B3-BE88-296BE954A6EC}.Release|Any CPU.ActiveCfg = Release|Any CPU
		{8D5E7DEB-AD1E-45B3-BE88-296BE954A6EC}.Release|Any CPU.Build.0 = Release|Any CPU
	EndGlobalSection
	GlobalSection(SolutionProperties) = preSolution
		HideSolutionNode = FALSE
	EndGlobalSection
	GlobalSection(ExtensibilityGlobals) = postSolution
		SolutionGuid = {70DE5D10-5C75-4346-B9EE-FB7FE1E7B448}
	EndGlobalSection
EndGlobal
